<?xml version="1.0" encoding="utf-8"?>
<Project ToolsVersion="4.0" xmlns="http://schemas.microsoft.com/developer/msbuild/2003">
  <ItemGroup>
    <ClCompile Include="game.cpp" />
    <ClCompile Include="threads.cpp">
      <Filter>template</Filter>
    </ClCompile>
    <ClCompile Include="surface.cpp">
      <Filter>template</Filter>
    </ClCompile>
    <ClCompile Include="template.cpp">
      <Filter>template</Filter>
    </ClCompile>
  </ItemGroup>
  <ItemGroup>
    <ClInclude Include="game.h" />
    <ClInclude Include="template.h">
      <Filter>template</Filter>
    </ClInclude>
    <ClInclude Include="threads.h">
      <Filter>template</Filter>
    </ClInclude>
    <ClInclude Include="surface.h">
      <Filter>template</Filter>
    </ClInclude>
  </ItemGroup>
  <ItemGroup>
    <Text Include="_readme.txt" />
  </ItemGroup>
  <ItemGroup>
    <Filter Include="template">
      <UniqueIdentifier>{f427be39-d2e7-43ac-9aab-8e539347716a}</UniqueIdentifier>
    </Filter>
  </ItemGroup>
</Project>